
Microsoft Visual Studio Solution File, Format Version 12.00
# Visual Studio Version 17
VisualStudioVersion = 17.0.32014.148
MinimumVisualStudioVersion = 10.0.40219.1
Project("{FAE04EC0-301F-11D3-BF4B-00C04F79EFBC}") = "FastMotivationalLetter", "FastMotivationalLetter\FastMotivationalLetter.csproj", "{E08B7426-F282-4B5F-A155-FBBC7AB7F426}"
EndProject
Project("{FAE04EC0-301F-11D3-BF4B-00C04F79EFBC}") = "Services", "Services\Services.csproj", "{741D6E6C-A74F-4C84-8B0B-0A98ED3135E6}"
EndProject
Project("{FAE04EC0-301F-11D3-BF4B-00C04F79EFBC}") = "Entities", "Entities\Entities.csproj", "{784D16E4-2F14-4E0A-B603-1A78236C1646}"
EndProject
Project("{FAE04EC0-301F-11D3-BF4B-00C04F79EFBC}") = "TestPreviewerDocumentPdf", "TestPreviewerDocumentPdf\TestPreviewerDocumentPdf.csproj", "{7403FB8A-1BB6-4D41-8E7F-D1E333658B24}"
EndProject
Global
	GlobalSection(SolutionConfigurationPlatforms) = preSolution
		Debug|Any CPU = Debug|Any CPU
		Release|Any CPU = Release|Any CPU
	EndGlobalSection
	GlobalSection(ProjectConfigurationPlatforms) = postSolution
		{E08B7426-F282-4B5F-A155-FBBC7AB7F426}.Debug|Any CPU.ActiveCfg = Debug|Any CPU
		{E08B7426-F282-4B5F-A155-FBBC7AB7F426}.Debug|Any CPU.Build.0 = Debug|Any CPU
		{E08B7426-F282-4B5F-A155-FBBC7AB7F426}.Release|Any CPU.ActiveCfg = Release|Any CPU
		{E08B7426-F282-4B5F-A155-FBBC7AB7F426}.Release|Any CPU.Build.0 = Release|Any CPU
		{741D6E6C-A74F-4C84-8B0B-0A98ED3135E6}.Debug|Any CPU.ActiveCfg = Debug|Any CPU
		{741D6E6C-A74F-4C84-8B0B-0A98ED3135E6}.Debug|Any CPU.Build.0 = Debug|Any CPU
		{741D6E6C-A74F-4C84-8B0B-0A98ED3135E6}.Release|Any CPU.ActiveCfg = Release|Any CPU
		{741D6E6C-A74F-4C84-8B0B-0A98ED3135E6}.Release|Any CPU.Build.0 = Release|Any CPU
		{784D16E4-2F14-4E0A-B603-1A78236C1646}.Debug|Any CPU.ActiveCfg = Debug|Any CPU
		{784D16E4-2F14-4E0A-B603-1A78236C1646}.Debug|Any CPU.Build.0 = Debug|Any CPU
		{784D16E4-2F14-4E0A-B603-1A78236C1646}.Release|Any CPU.ActiveCfg = Release|Any CPU
		{784D16E4-2F14-4E0A-B603-1A78236C1646}.Release|Any CPU.Build.0 = Release|Any CPU
		{7403FB8A-1BB6-4D41-8E7F-D1E333658B24}.Debug|Any CPU.ActiveCfg = Debug|Any CPU
		{7403FB8A-1BB6-4D41-8E7F-D1E333658B24}.Debug|Any CPU.Build.0 = Debug|Any CPU
		{7403FB8A-1BB6-4D41-8E7F-D1E333658B24}.Release|Any CPU.ActiveCfg = Release|Any CPU
		{7403FB8A-1BB6-4D41-8E7F-D1E333658B24}.Release|Any CPU.Build.0 = Release|Any CPU
	EndGlobalSection
	GlobalSection(SolutionProperties) = preSolution
		HideSolutionNode = FALSE
	EndGlobalSection
	GlobalSection(ExtensibilityGlobals) = postSolution
		SolutionGuid = {B9006875-51D1-4429-AB95-F28854F3C072}
	EndGlobalSection
EndGlobal
